
Microsoft Visual Studio Solution File, Format Version 12.00
# Visual Studio Version 17
VisualStudioVersion = 17.4.33205.214
MinimumVisualStudioVersion = 10.0.40219.1
Project("{9A19103F-16F7-4668-BE54-9A1E7A4F7556}") = "equifaxIdWin", "equifaxIdWin\equifaxIdWin.csproj", "{3DD78DF0-9131-43CA-9706-EE4F1BB8A712}"
EndProject
Global
	GlobalSection(SolutionConfigurationPlatforms) = preSolution
		Debug|Any CPU = Debug|Any CPU
		Release|Any CPU = Release|Any CPU
	EndGlobalSection
	GlobalSection(ProjectConfigurationPlatforms) = postSolution
		{3DD78DF0-9131-43CA-9706-EE4F1BB8A712}.Debug|Any CPU.ActiveCfg = Debug|Any CPU
		{3DD78DF0-9131-43CA-9706-EE4F1BB8A712}.Debug|Any CPU.Build.0 = Debug|Any CPU
		{3DD78DF0-9131-43CA-9706-EE4F1BB8A712}.Release|Any CPU.ActiveCfg = Release|Any CPU
		{3DD78DF0-9131-43CA-9706-EE4F1BB8A712}.Release|Any CPU.Build.0 = Release|Any CPU
	EndGlobalSection
	GlobalSection(SolutionProperties) = preSolution
		HideSolutionNode = FALSE
	EndGlobalSection
	GlobalSection(ExtensibilityGlobals) = postSolution
		SolutionGuid = {5635F1F0-B34A-4A61-8E72-03DE4A57F5C1}
	EndGlobalSection
EndGlobal
